
Microsoft Visual Studio Solution File, Format Version 12.00
# Visual Studio Version 16
VisualStudioVersion = 16.0.31702.278
MinimumVisualStudioVersion = 10.0.40219.1
Project("{8BC9CEB8-8B4A-11D0-8D11-00A0C91BC942}") = "函数", "函数\函数.vcxproj", "{707BBBD3-72F5-4689-9F1C-DCFB7DE3544D}"
EndProject
Global
	GlobalSection(SolutionConfigurationPlatforms) = preSolution
		Debug|x64 = Debug|x64
		Debug|x86 = Debug|x86
		Release|x64 = Release|x64
		Release|x86 = Release|x86
	EndGlobalSection
	GlobalSection(ProjectConfigurationPlatforms) = postSolution
		{707BBBD3-72F5-4689-9F1C-DCFB7DE3544D}.Debug|x64.ActiveCfg = Debug|x64
		{707BBBD3-72F5-4689-9F1C-DCFB7DE3544D}.Debug|x64.Build.0 = Debug|x64
		{707BBBD3-72F5-4689-9F1C-DCFB7DE3544D}.Debug|x86.ActiveCfg = Debug|Win32
		{707BBBD3-72F5-4689-9F1C-DCFB7DE3544D}.Debug|x86.Build.0 = Debug|Win32
		{707BBBD3-72F5-4689-9F1C-DCFB7DE3544D}.Release|x64.ActiveCfg = Release|x64
		{707BBBD3-72F5-4689-9F1C-DCFB7DE3544D}.Release|x64.Build.0 = Release|x64
		{707BBBD3-72F5-4689-9F1C-DCFB7DE3544D}.Release|x86.ActiveCfg = Release|Win32
		{707BBBD3-72F5-4689-9F1C-DCFB7DE3544D}.Release|x86.Build.0 = Release|Win32
	EndGlobalSection
	GlobalSection(SolutionProperties) = preSolution
		HideSolutionNode = FALSE
	EndGlobalSection
	GlobalSection(ExtensibilityGlobals) = postSolution
		SolutionGuid = {6314114E-5DD4-4A50-BC13-F78CFEFFADED}
	EndGlobalSection
EndGlobal
